// !$*UTF8*$!
{
	archiveVersion = 1;
	classes = {
	};
	objectVersion = 50;
	objects = {

/* Begin PBXBuildFile section */
		D490EF2521EF858400F56630 /* AppDelegate.swift in Sources */ = {isa = PBXBuildFile; fileRef = D490EF2421EF858400F56630 /* AppDelegate.swift */; };
		D490EF2721EF858400F56630 /* ViewController.swift in Sources */ = {isa = PBXBuildFile; fileRef = D490EF2621EF858400F56630 /* ViewController.swift */; };
		D490EF2A21EF858400F56630 /* Main.storyboard in Resources */ = {isa = PBXBuildFile; fileRef = D490EF2821EF858400F56630 /* Main.storyboard */; };
		D490EF2C21EF858600F56630 /* Assets.xcassets in Resources */ = {isa = PBXBuildFile; fileRef = D490EF2B21EF858600F56630 /* Assets.xcassets */; };
		D490EF2F21EF858600F56630 /* LaunchScreen.storyboard in Resources */ = {isa = PBXBuildFile; fileRef = D490EF2D21EF858600F56630 /* LaunchScreen.storyboard */; };
		D490EF3721EFC8B600F56630 /* ButtonScene.swift in Sources */ = {isa = PBXBuildFile; fileRef = D490EF3621EFC8B600F56630 /* ButtonScene.swift */; };
		D490EF3C21EFCF5200F56630 /* Rock_Big.scn in Resources */ = {isa = PBXBuildFile; fileRef = D490EF3B21EFCF5200F56630 /* Rock_Big.scn */; };
		D4DD3CFE21F2139000FFF244 /* Protocol.swift in Sources */ = {isa = PBXBuildFile; fileRef = D4DD3CFD21F2139000FFF244 /* Protocol.swift */; };
/* End PBXBuildFile section */

/* Begin PBXFileReference section */
		D490EF2121EF858400F56630 /* organDisplay.app */ = {isa = PBXFileReference; explicitFileType = wrapper.application; includeInIndex = 0; path = organDisplay.app; sourceTree = BUILT_PRODUCTS_DIR; };
		D490EF2421EF858400F56630 /* AppDelegate.swift */ = {isa = PBXFileReference; lastKnownFileType = sourcecode.swift; path = AppDelegate.swift; sourceTree = "<group>"; };
		D490EF2621EF858400F56630 /* ViewController.swift */ = {isa = PBXFileReference; lastKnownFileType = sourcecode.swift; path = ViewController.swift; sourceTree = "<group>"; };
		D490EF2921EF858400F56630 /* Base */ = {isa = PBXFileReference; lastKnownFileType = file.storyboard; name = Base; path = Base.lproj/Main.storyboard; sourceTree = "<group>"; };
		D490EF2B21EF858600F56630 /* Assets.xcassets */ = {isa = PBXFileReference; lastKnownFileType = folder.assetcatalog; path = Assets.xcassets; sourceTree = "<group>"; };
		D490EF2E21EF858600F56630 /* Base */ = {isa = PBXFileReference; lastKnownFileType = file.storyboard; name = Base; path = Base.lproj/LaunchScreen.storyboard; sourceTree = "<group>"; };
		D490EF3021EF858600F56630 /* Info.plist */ = {isa = PBXFileReference; lastKnownFileType = text.plist.xml; path = Info.plist; sourceTree = "<group>"; };
		D490EF3621EFC8B600F56630 /* ButtonScene.swift */ = {isa = PBXFileReference; lastKnownFileType = sourcecode.swift; path = ButtonScene.swift; sourceTree = "<group>"; };
		D490EF3B21EFCF5200F56630 /* Rock_Big.scn */ = {isa = PBXFileReference; lastKnownFileType = file.bplist; path = Rock_Big.scn; sourceTree = "<group>"; };
		D490EF4721F04EE000F56630 /* Heart.scn */ = {isa = PBXFileReference; lastKnownFileType = file.bplist; path = Heart.scn; sourceTree = "<group>"; };
		D4DD3CFD21F2139000FFF244 /* Protocol.swift */ = {isa = PBXFileReference; lastKnownFileType = sourcecode.swift; path = Protocol.swift; sourceTree = "<group>"; };
/* End PBXFileReference section */

/* Begin PBXFrameworksBuildPhase section */
		D490EF1E21EF858400F56630 /* Frameworks */ = {
			isa = PBXFrameworksBuildPhase;
			buildActionMask = 2147483647;
			files = (
			);
			runOnlyForDeploymentPostprocessing = 0;
		};
/* End PBXFrameworksBuildPhase section */

/* Begin PBXGroup section */
		D490EF1821EF858400F56630 = {
			isa = PBXGroup;
			children = (
				D490EF2321EF858400F56630 /* organDisplay */,
				D490EF2221EF858400F56630 /* Products */,
			);
			sourceTree = "<group>";
		};
		D490EF2221EF858400F56630 /* Products */ = {
			isa = PBXGroup;
			children = (
				D490EF2121EF858400F56630 /* organDisplay.app */,
			);
			name = Products;
			sourceTree = "<group>";
		};
		D490EF2321EF858400F56630 /* organDisplay */ = {
			isa = PBXGroup;
			children = (
				D4DD3D0021F2211D00FFF244 /* ButtonScene */,
				D4DD3CFF21F2210500FFF244 /* Protocols */,
				D490EF3B21EFCF5200F56630 /* Rock_Big.scn */,
				D490EF4721F04EE000F56630 /* Heart.scn */,
				D490EF2421EF858400F56630 /* AppDelegate.swift */,
				D490EF2621EF858400F56630 /* ViewController.swift */,
				D490EF2821EF858400F56630 /* Main.storyboard */,
				D490EF2B21EF858600F56630 /* Assets.xcassets */,
				D490EF2D21EF858600F56630 /* LaunchScreen.storyboard */,
				D490EF3021EF858600F56630 /* Info.plist */,
			);
			path = organDisplay;
			sourceTree = "<group>";
		};
		D4DD3CFF21F2210500FFF244 /* Protocols */ = {
			isa = PBXGroup;
			children = (
				D4DD3CFD21F2139000FFF244 /* Protocol.swift */,
			);
			path = Protocols;
			sourceTree = "<group>";
		};
		D4DD3D0021F2211D00FFF244 /* ButtonScene */ = {
			isa = PBXGroup;
			children = (
				D490EF3621EFC8B600F56630 /* ButtonScene.swift */,
			);
			path = ButtonScene;
			sourceTree = "<group>";
		};
/* End PBXGroup section */

/* Begin PBXNativeTarget section */
		D490EF2021EF858400F56630 /* organDisplay */ = {
			isa = PBXNativeTarget;
			buildConfigurationList = D490EF3321EF858600F56630 /* Build configuration list for PBXNativeTarget "organDisplay" */;
			buildPhases = (
				D490EF1D21EF858400F56630 /* Sources */,
				D490EF1E21EF858400F56630 /* Frameworks */,
				D490EF1F21EF858400F56630 /* Resources */,
			);
			buildRules = (
			);
			dependencies = (
			);
			name = organDisplay;
			productName = organDisplay;
			productReference = D490EF2121EF858400F56630 /* organDisplay.app */;
			productType = "com.apple.product-type.application";
		};
/* End PBXNativeTarget section */

/* Begin PBXProject section */
		D490EF1921EF858400F56630 /* Project object */ = {
			isa = PBXProject;
			attributes = {
				LastSwiftUpdateCheck = 1010;
				LastUpgradeCheck = 1010;
				ORGANIZATIONNAME = "Geovanni Oliveira de Jesus";
				TargetAttributes = {
					D490EF2021EF858400F56630 = {
						CreatedOnToolsVersion = 10.1;
					};
				};
			};
			buildConfigurationList = D490EF1C21EF858400F56630 /* Build configuration list for PBXProject "organDisplay" */;
			compatibilityVersion = "Xcode 9.3";
			developmentRegion = en;
			hasScannedForEncodings = 0;
			knownRegions = (
				en,
				Base,
			);
			mainGroup = D490EF1821EF858400F56630;
			productRefGroup = D490EF2221EF858400F56630 /* Products */;
			projectDirPath = "";
			projectRoot = "";
			targets = (
				D490EF2021EF858400F56630 /* organDisplay */,
			);
		};
/* End PBXProject section */

/* Begin PBXResourcesBuildPhase section */
		D490EF1F21EF858400F56630 /* Resources */ = {
			isa = PBXResourcesBuildPhase;
			buildActionMask = 2147483647;
			files = (
				D490EF2F21EF858600F56630 /* LaunchScreen.storyboard in Resources */,
				D490EF2C21EF858600F56630 /* Assets.xcassets in Resources */,
				D490EF3C21EFCF5200F56630 /* Rock_Big.scn in Resources */,
				D490EF2A21EF858400F56630 /* Main.storyboard in Resources */,
			);
			runOnlyForDeploymentPostprocessing = 0;
		};
/* End PBXResourcesBuildPhase section */

/* Begin PBXSourcesBuildPhase section */
		D490EF1D21EF858400F56630 /* Sources */ = {
			isa = PBXSourcesBuildPhase;
			buildActionMask = 2147483647;
			files = (
				D490EF3721EFC8B600F56630 /* ButtonScene.swift in Sources */,
				D490EF2721EF858400F56630 /* ViewController.swift in Sources */,
				D490EF2521EF858400F56630 /* AppDelegate.swift in Sources */,
				D4DD3CFE21F2139000FFF244 /* Protocol.swift in Sources */,
			);
			runOnlyForDeploymentPostprocessing = 0;
		};
/* End PBXSourcesBuildPhase section */

/* Begin PBXVariantGroup section */
		D490EF2821EF858400F56630 /* Main.storyboard */ = {
			isa = PBXVariantGroup;
			children = (
				D490EF2921EF858400F56630 /* Base */,
			);
			name = Main.storyboard;
			sourceTree = "<group>";
		};
		D490EF2D21EF858600F56630 /* LaunchScreen.storyboard */ = {
			isa = PBXVariantGroup;
			children = (
				D490EF2E21EF858600F56630 /* Base */,
			);
			name = LaunchScreen.storyboard;
			sourceTree = "<group>";
		};
/* End PBXVariantGroup section */

/* Begin XCBuildConfiguration section */
		D490EF3121EF858600F56630 /* Debug */ = {
			isa = XCBuildConfiguration;
			buildSettings = {
				ALWAYS_SEARCH_USER_PATHS = NO;
				CLANG_ANALYZER_NONNULL = YES;
				CLANG_ANALYZER_NUMBER_OBJECT_CONVERSION = YES_AGGRESSIVE;
				CLANG_CXX_LANGUAGE_STANDARD = "gnu++14";
				CLANG_CXX_LIBRARY = "libc++";
				CLANG_ENABLE_MODULES = YES;
				CLANG_ENABLE_OBJC_ARC = YES;
				CLANG_ENABLE_OBJC_WEAK = YES;
				CLANG_WARN_BLOCK_CAPTURE_AUTORELEASING = YES;
				CLANG_WARN_BOOL_CONVERSION = YES;
				CLANG_WARN_COMMA = YES;
				CLANG_WARN_CONSTANT_CONVERSION = YES;
				CLANG_WARN_DEPRECATED_OBJC_IMPLEMENTATIONS = YES;
				CLANG_WARN_DIRECT_OBJC_ISA_USAGE = YES_ERROR;
				CLANG_WARN_DOCUMENTATION_COMMENTS = YES;
				CLANG_WARN_EMPTY_BODY = YES;
				CLANG_WARN_ENUM_CONVERSION = YES;
				CLANG_WARN_INFINITE_RECURSION = YES;
				CLANG_WARN_INT_CONVERSION = YES;
				CLANG_WARN_NON_LITERAL_NULL_CONVERSION = YES;
				CLANG_WARN_OBJC_IMPLICIT_RETAIN_SELF = YES;
				CLANG_WARN_OBJC_LITERAL_CONVERSION = YES;
				CLANG_WARN_OBJC_ROOT_CLASS = YES_ERROR;
				CLANG_WARN_RANGE_LOOP_ANALYSIS = YES;
				CLANG_WARN_STRICT_PROTOTYPES = YES;
				CLANG_WARN_SUSPICIOUS_MOVE = YES;
				CLANG_WARN_UNGUARDED_AVAILABILITY = YES_AGGRESSIVE;
				CLANG_WARN_UNREACHABLE_CODE = YES;
				CLANG_WARN__DUPLICATE_METHOD_MATCH = YES;
				CODE_SIGN_IDENTITY = "iPhone Developer";
				COPY_PHASE_STRIP = NO;
				DEBUG_INFORMATION_FORMAT = dwarf;
				ENABLE_STRICT_OBJC_MSGSEND = YES;
				ENABLE_TESTABILITY = YES;
				GCC_C_LANGUAGE_STANDARD = gnu11;
				GCC_DYNAMIC_NO_PIC = NO;
				GCC_NO_COMMON_BLOCKS = YES;
				GCC_OPTIMIZATION_LEVEL = 0;
				GCC_PREPROCESSOR_DEFINITIONS = (
					"DEBUG=1",
					"$(inherited)",
				);
				GCC_WARN_64_TO_32_BIT_CONVERSION = YES;
				GCC_WARN_ABOUT_RETURN_TYPE = YES_ERROR;
				GCC_WARN_UNDECLARED_SELECTOR = YES;
				GCC_WARN_UNINITIALIZED_AUTOS = YES_AGGRESSIVE;
				GCC_WARN_UNUSED_FUNCTION = YES;
				GCC_WARN_UNUSED_VARIABLE = YES;
				IPHONEOS_DEPLOYMENT_TARGET = 12.1;
				MTL_ENABLE_DEBUG_INFO = INCLUDE_SOURCE;
				MTL_FAST_MATH = YES;
				ONLY_ACTIVE_ARCH = YES;
				SDKROOT = iphoneos;
				SWIFT_ACTIVE_COMPILATION_CONDITIONS = DEBUG;
				SWIFT_OPTIMIZATION_LEVEL = "-Onone";
			};
			name = Debug;
		};
		D490EF3221EF858600F56630 /* Release */ = {
			isa = XCBuildConfiguration;
			buildSettings = {
				ALWAYS_SEARCH_USER_PATHS = NO;
				CLANG_ANALYZER_NONNULL = YES;
				CLANG_ANALYZER_NUMBER_OBJECT_CONVERSION = YES_AGGRESSIVE;
				CLANG_CXX_LANGUAGE_STANDARD = "gnu++14";
				CLANG_CXX_LIBRARY = "libc++";
				CLANG_ENABLE_MODULES = YES;
				CLANG_ENABLE_OBJC_ARC = YES;
				CLANG_ENABLE_OBJC_WEAK = YES;
				CLANG_WARN_BLOCK_CAPTURE_AUTORELEASING = YES;
				CLANG_WARN_BOOL_CONVERSION = YES;
				CLANG_WARN_COMMA = YES;
				CLANG_WARN_CONSTANT_CONVERSION = YES;
				CLANG_WARN_DEPRECATED_OBJC_IMPLEMENTATIONS = YES;
				CLANG_WARN_DIRECT_OBJC_ISA_USAGE = YES_ERROR;
				CLANG_WARN_DOCUMENTATION_COMMENTS = YES;
				CLANG_WARN_EMPTY_BODY = YES;
				CLANG_WARN_ENUM_CONVERSION = YES;
				CLANG_WARN_INFINITE_RECURSION = YES;
				CLANG_WARN_INT_CONVERSION = YES;
				CLANG_WARN_NON_LITERAL_NULL_CONVERSION = YES;
				CLANG_WARN_OBJC_IMPLICIT_RETAIN_SELF = YES;
				CLANG_WARN_OBJC_LITERAL_CONVERSION = YES;
				CLANG_WARN_OBJC_ROOT_CLASS = YES_ERROR;
				CLANG_WARN_RANGE_LOOP_ANALYSIS = YES;
				CLANG_WARN_STRICT_PROTOTYPES = YES;
				CLANG_WARN_SUSPICIOUS_MOVE = YES;
				CLANG_WARN_UNGUARDED_AVAILABILITY = YES_AGGRESSIVE;
				CLANG_WARN_UNREACHABLE_CODE = YES;
				CLANG_WARN__DUPLICATE_METHOD_MATCH = YES;
				CODE_SIGN_IDENTITY = "iPhone Developer";
				COPY_PHASE_STRIP = NO;
				DEBUG_INFORMATION_FORMAT = "dwarf-with-dsym";
				ENABLE_NS_ASSERTIONS = NO;
				ENABLE_STRICT_OBJC_MSGSEND = YES;
				GCC_C_LANGUAGE_STANDARD = gnu11;
				GCC_NO_COMMON_BLOCKS = YES;
				GCC_WARN_64_TO_32_BIT_CONVERSION = YES;
				GCC_WARN_ABOUT_RETURN_TYPE = YES_ERROR;
				GCC_WARN_UNDECLARED_SELECTOR = YES;
				GCC_WARN_UNINITIALIZED_AUTOS = YES_AGGRESSIVE;
				GCC_WARN_UNUSED_FUNCTION = YES;
				GCC_WARN_UNUSED_VARIABLE = YES;
				IPHONEOS_DEPLOYMENT_TARGET = 12.1;
				MTL_ENABLE_DEBUG_INFO = NO;
				MTL_FAST_MATH = YES;
				SDKROOT = iphoneos;
				SWIFT_COMPILATION_MODE = wholemodule;
				SWIFT_OPTIMIZATION_LEVEL = "-O";
				VALIDATE_PRODUCT = YES;
			};
			name = Release;
		};
		D490EF3421EF858600F56630 /* Debug */ = {
			isa = XCBuildConfiguration;
			buildSettings = {
				ASSETCATALOG_COMPILER_APPICON_NAME = AppIcon;
				CODE_SIGN_STYLE = Automatic;
				DEVELOPMENT_TEAM = 7CN8A9X5L6;
				INFOPLIST_FILE = organDisplay/Info.plist;
				LD_RUNPATH_SEARCH_PATHS = (
					"$(inherited)",
					"@executable_path/Frameworks",
				);
				PRODUCT_BUNDLE_IDENTIFIER = com.organDisplay;
				PRODUCT_NAME = "$(TARGET_NAME)";
				SWIFT_VERSION = 4.2;
				TARGETED_DEVICE_FAMILY = "1,2";
			};
			name = Debug;
		};
		D490EF3521EF858600F56630 /* Release */ = {
			isa = XCBuildConfiguration;
			buildSettings = {
				ASSETCATALOG_COMPILER_APPICON_NAME = AppIcon;
				CODE_SIGN_STYLE = Automatic;
				DEVELOPMENT_TEAM = 7CN8A9X5L6;
				INFOPLIST_FILE = organDisplay/Info.plist;
				LD_RUNPATH_SEARCH_PATHS = (
					"$(inherited)",
					"@executable_path/Frameworks",
				);
				PRODUCT_BUNDLE_IDENTIFIER = com.organDisplay;
				PRODUCT_NAME = "$(TARGET_NAME)";
				SWIFT_VERSION = 4.2;
				TARGETED_DEVICE_FAMILY = "1,2";
			};
			name = Release;
		};
/* End XCBuildConfiguration section */

/* Begin XCConfigurationList section */
		D490EF1C21EF858400F56630 /* Build configuration list for PBXProject "organDisplay" */ = {
			isa = XCConfigurationList;
			buildConfigurations = (
				D490EF3121EF858600F56630 /* Debug */,
				D490EF3221EF858600F56630 /* Release */,
			);
			defaultConfigurationIsVisible = 0;
			defaultConfigurationName = Release;
		};
		D490EF3321EF858600F56630 /* Build configuration list for PBXNativeTarget "organDisplay" */ = {
			isa = XCConfigurationList;
			buildConfigurations = (
				D490EF3421EF858600F56630 /* Debug */,
				D490EF3521EF858600F56630 /* Release */,
			);
			defaultConfigurationIsVisible = 0;
			defaultConfigurationName = Release;
		};
/* End XCConfigurationList section */
	};
	rootObject = D490EF1921EF858400F56630 /* Project object */;
}
